// !$*UTF8*$!
{
	archiveVersion = 1;
	classes = {
	};
	objectVersion = 50;
	objects = {

/* Begin PBXBuildFile section */
		AA5C8348208A45A0000AFF69 /* AppDelegate.m in Sources */ = {isa = PBXBuildFile; fileRef = AA5C8347208A45A0000AFF69 /* AppDelegate.m */; };
		AA5C834B208A45A0000AFF69 /* ViewController.m in Sources */ = {isa = PBXBuildFile; fileRef = AA5C834A208A45A0000AFF69 /* ViewController.m */; };
		AA5C834E208A45A0000AFF69 /* Main.storyboard in Resources */ = {isa = PBXBuildFile; fileRef = AA5C834C208A45A0000AFF69 /* Main.storyboard */; };
		AA5C8350208A45A3000AFF69 /* Assets.xcassets in Resources */ = {isa = PBXBuildFile; fileRef = AA5C834F208A45A3000AFF69 /* Assets.xcassets */; };
		AA5C8353208A45A3000AFF69 /* LaunchScreen.storyboard in Resources */ = {isa = PBXBuildFile; fileRef = AA5C8351208A45A3000AFF69 /* LaunchScreen.storyboard */; };
		AA5C8356208A45A3000AFF69 /* main.m in Sources */ = {isa = PBXBuildFile; fileRef = AA5C8355208A45A3000AFF69 /* main.m */; };
		AA5C8360208A45A3000AFF69 /* SQliteOSTests.m in Sources */ = {isa = PBXBuildFile; fileRef = AA5C835F208A45A3000AFF69 /* SQliteOSTests.m */; };
		AA5C836B208A45A3000AFF69 /* SQliteOSUITests.m in Sources */ = {isa = PBXBuildFile; fileRef = AA5C836A208A45A3000AFF69 /* SQliteOSUITests.m */; };
		AA5C837A208A4692000AFF69 /* libsqlite3.tbd in Frameworks */ = {isa = PBXBuildFile; fileRef = AA5C8379208A4692000AFF69 /* libsqlite3.tbd */; };
		AA5C837D208A4EE7000AFF69 /* SqliteLoad.m in Sources */ = {isa = PBXBuildFile; fileRef = AA5C837C208A4EE7000AFF69 /* SqliteLoad.m */; };
/* End PBXBuildFile section */

/* Begin PBXContainerItemProxy section */
		AA5C835C208A45A3000AFF69 /* PBXContainerItemProxy */ = {
			isa = PBXContainerItemProxy;
			containerPortal = AA5C833B208A459F000AFF69 /* Project object */;
			proxyType = 1;
			remoteGlobalIDString = AA5C8342208A45A0000AFF69;
			remoteInfo = SQliteOS;
		};
		AA5C8367208A45A3000AFF69 /* PBXContainerItemProxy */ = {
			isa = PBXContainerItemProxy;
			containerPortal = AA5C833B208A459F000AFF69 /* Project object */;
			proxyType = 1;
			remoteGlobalIDString = AA5C8342208A45A0000AFF69;
			remoteInfo = SQliteOS;
		};
/* End PBXContainerItemProxy section */

/* Begin PBXFileReference section */
		AA5C8343208A45A0000AFF69 /* SQliteOS.app */ = {isa = PBXFileReference; explicitFileType = wrapper.application; includeInIndex = 0; path = SQliteOS.app; sourceTree = BUILT_PRODUCTS_DIR; };
		AA5C8346208A45A0000AFF69 /* AppDelegate.h */ = {isa = PBXFileReference; lastKnownFileType = sourcecode.c.h; path = AppDelegate.h; sourceTree = "<group>"; };
		AA5C8347208A45A0000AFF69 /* AppDelegate.m */ = {isa = PBXFileReference; lastKnownFileType = sourcecode.c.objc; path = AppDelegate.m; sourceTree = "<group>"; };
		AA5C8349208A45A0000AFF69 /* ViewController.h */ = {isa = PBXFileReference; lastKnownFileType = sourcecode.c.h; path = ViewController.h; sourceTree = "<group>"; };
		AA5C834A208A45A0000AFF69 /* ViewController.m */ = {isa = PBXFileReference; lastKnownFileType = sourcecode.c.objc; path = ViewController.m; sourceTree = "<group>"; };
		AA5C834D208A45A0000AFF69 /* Base */ = {isa = PBXFileReference; lastKnownFileType = file.storyboard; name = Base; path = Base.lproj/Main.storyboard; sourceTree = "<group>"; };
		AA5C834F208A45A3000AFF69 /* Assets.xcassets */ = {isa = PBXFileReference; lastKnownFileType = folder.assetcatalog; path = Assets.xcassets; sourceTree = "<group>"; };
		AA5C8352208A45A3000AFF69 /* Base */ = {isa = PBXFileReference; lastKnownFileType = file.storyboard; name = Base; path = Base.lproj/LaunchScreen.storyboard; sourceTree = "<group>"; };
		AA5C8354208A45A3000AFF69 /* Info.plist */ = {isa = PBXFileReference; lastKnownFileType = text.plist.xml; path = Info.plist; sourceTree = "<group>"; };
		AA5C8355208A45A3000AFF69 /* main.m */ = {isa = PBXFileReference; lastKnownFileType = sourcecode.c.objc; path = main.m; sourceTree = "<group>"; };
		AA5C835B208A45A3000AFF69 /* SQliteOSTests.xctest */ = {isa = PBXFileReference; explicitFileType = wrapper.cfbundle; includeInIndex = 0; path = SQliteOSTests.xctest; sourceTree = BUILT_PRODUCTS_DIR; };
		AA5C835F208A45A3000AFF69 /* SQliteOSTests.m */ = {isa = PBXFileReference; lastKnownFileType = sourcecode.c.objc; path = SQliteOSTests.m; sourceTree = "<group>"; };
		AA5C8361208A45A3000AFF69 /* Info.plist */ = {isa = PBXFileReference; lastKnownFileType = text.plist.xml; path = Info.plist; sourceTree = "<group>"; };
		AA5C8366208A45A3000AFF69 /* SQliteOSUITests.xctest */ = {isa = PBXFileReference; explicitFileType = wrapper.cfbundle; includeInIndex = 0; path = SQliteOSUITests.xctest; sourceTree = BUILT_PRODUCTS_DIR; };
		AA5C836A208A45A3000AFF69 /* SQliteOSUITests.m */ = {isa = PBXFileReference; lastKnownFileType = sourcecode.c.objc; path = SQliteOSUITests.m; sourceTree = "<group>"; };
		AA5C836C208A45A3000AFF69 /* Info.plist */ = {isa = PBXFileReference; lastKnownFileType = text.plist.xml; path = Info.plist; sourceTree = "<group>"; };
		AA5C8379208A4692000AFF69 /* libsqlite3.tbd */ = {isa = PBXFileReference; lastKnownFileType = "sourcecode.text-based-dylib-definition"; name = libsqlite3.tbd; path = usr/lib/libsqlite3.tbd; sourceTree = SDKROOT; };
		AA5C837B208A4EE7000AFF69 /* SqliteLoad.h */ = {isa = PBXFileReference; lastKnownFileType = sourcecode.c.h; path = SqliteLoad.h; sourceTree = "<group>"; };
		AA5C837C208A4EE7000AFF69 /* SqliteLoad.m */ = {isa = PBXFileReference; lastKnownFileType = sourcecode.c.objc; path = SqliteLoad.m; sourceTree = "<group>"; };
/* End PBXFileReference section */

/* Begin PBXFrameworksBuildPhase section */
		AA5C8340208A45A0000AFF69 /* Frameworks */ = {
			isa = PBXFrameworksBuildPhase;
			buildActionMask = 2147483647;
			files = (
				AA5C837A208A4692000AFF69 /* libsqlite3.tbd in Frameworks */,
			);
			runOnlyForDeploymentPostprocessing = 0;
		};
		AA5C8358208A45A3000AFF69 /* Frameworks */ = {
			isa = PBXFrameworksBuildPhase;
			buildActionMask = 2147483647;
			files = (
			);
			runOnlyForDeploymentPostprocessing = 0;
		};
		AA5C8363208A45A3000AFF69 /* Frameworks */ = {
			isa = PBXFrameworksBuildPhase;
			buildActionMask = 2147483647;
			files = (
			);
			runOnlyForDeploymentPostprocessing = 0;
		};
/* End PBXFrameworksBuildPhase section */

/* Begin PBXGroup section */
		AA5C833A208A459F000AFF69 = {
			isa = PBXGroup;
			children = (
				AA5C8345208A45A0000AFF69 /* SQliteOS */,
				AA5C835E208A45A3000AFF69 /* SQliteOSTests */,
				AA5C8369208A45A3000AFF69 /* SQliteOSUITests */,
				AA5C8344208A45A0000AFF69 /* Products */,
				AA5C8378208A4691000AFF69 /* Frameworks */,
			);
			sourceTree = "<group>";
		};
		AA5C8344208A45A0000AFF69 /* Products */ = {
			isa = PBXGroup;
			children = (
				AA5C8343208A45A0000AFF69 /* SQliteOS.app */,
				AA5C835B208A45A3000AFF69 /* SQliteOSTests.xctest */,
				AA5C8366208A45A3000AFF69 /* SQliteOSUITests.xctest */,
			);
			name = Products;
			sourceTree = "<group>";
		};
		AA5C8345208A45A0000AFF69 /* SQliteOS */ = {
			isa = PBXGroup;
			children = (
				AA5C8346208A45A0000AFF69 /* AppDelegate.h */,
				AA5C8347208A45A0000AFF69 /* AppDelegate.m */,
				AA5C8349208A45A0000AFF69 /* ViewController.h */,
				AA5C834A208A45A0000AFF69 /* ViewController.m */,
				AA5C834C208A45A0000AFF69 /* Main.storyboard */,
				AA5C834F208A45A3000AFF69 /* Assets.xcassets */,
				AA5C8351208A45A3000AFF69 /* LaunchScreen.storyboard */,
				AA5C8354208A45A3000AFF69 /* Info.plist */,
				AA5C8355208A45A3000AFF69 /* main.m */,
				AA5C837B208A4EE7000AFF69 /* SqliteLoad.h */,
				AA5C837C208A4EE7000AFF69 /* SqliteLoad.m */,
			);
			path = SQliteOS;
			sourceTree = "<group>";
		};
		AA5C835E208A45A3000AFF69 /* SQliteOSTests */ = {
			isa = PBXGroup;
			children = (
				AA5C835F208A45A3000AFF69 /* SQliteOSTests.m */,
				AA5C8361208A45A3000AFF69 /* Info.plist */,
			);
			path = SQliteOSTests;
			sourceTree = "<group>";
		};
		AA5C8369208A45A3000AFF69 /* SQliteOSUITests */ = {
			isa = PBXGroup;
			children = (
				AA5C836A208A45A3000AFF69 /* SQliteOSUITests.m */,
				AA5C836C208A45A3000AFF69 /* Info.plist */,
			);
			path = SQliteOSUITests;
			sourceTree = "<group>";
		};
		AA5C8378208A4691000AFF69 /* Frameworks */ = {
			isa = PBXGroup;
			children = (
				AA5C8379208A4692000AFF69 /* libsqlite3.tbd */,
			);
			name = Frameworks;
			sourceTree = "<group>";
		};
/* End PBXGroup section */

/* Begin PBXNativeTarget section */
		AA5C8342208A45A0000AFF69 /* SQliteOS */ = {
			isa = PBXNativeTarget;
			buildConfigurationList = AA5C836F208A45A3000AFF69 /* Build configuration list for PBXNativeTarget "SQliteOS" */;
			buildPhases = (
				AA5C833F208A45A0000AFF69 /* Sources */,
				AA5C8340208A45A0000AFF69 /* Frameworks */,
				AA5C8341208A45A0000AFF69 /* Resources */,
			);
			buildRules = (
			);
			dependencies = (
			);
			name = SQliteOS;
			productName = SQliteOS;
			productReference = AA5C8343208A45A0000AFF69 /* SQliteOS.app */;
			productType = "com.apple.product-type.application";
		};
		AA5C835A208A45A3000AFF69 /* SQliteOSTests */ = {
			isa = PBXNativeTarget;
			buildConfigurationList = AA5C8372208A45A3000AFF69 /* Build configuration list for PBXNativeTarget "SQliteOSTests" */;
			buildPhases = (
				AA5C8357208A45A3000AFF69 /* Sources */,
				AA5C8358208A45A3000AFF69 /* Frameworks */,
				AA5C8359208A45A3000AFF69 /* Resources */,
			);
			buildRules = (
			);
			dependencies = (
				AA5C835D208A45A3000AFF69 /* PBXTargetDependency */,
			);
			name = SQliteOSTests;
			productName = SQliteOSTests;
			productReference = AA5C835B208A45A3000AFF69 /* SQliteOSTests.xctest */;
			productType = "com.apple.product-type.bundle.unit-test";
		};
		AA5C8365208A45A3000AFF69 /* SQliteOSUITests */ = {
			isa = PBXNativeTarget;
			buildConfigurationList = AA5C8375208A45A3000AFF69 /* Build configuration list for PBXNativeTarget "SQliteOSUITests" */;
			buildPhases = (
				AA5C8362208A45A3000AFF69 /* Sources */,
				AA5C8363208A45A3000AFF69 /* Frameworks */,
				AA5C8364208A45A3000AFF69 /* Resources */,
			);
			buildRules = (
			);
			dependencies = (
				AA5C8368208A45A3000AFF69 /* PBXTargetDependency */,
			);
			name = SQliteOSUITests;
			productName = SQliteOSUITests;
			productReference = AA5C8366208A45A3000AFF69 /* SQliteOSUITests.xctest */;
			productType = "com.apple.product-type.bundle.ui-testing";
		};
/* End PBXNativeTarget section */

/* Begin PBXProject section */
		AA5C833B208A459F000AFF69 /* Project object */ = {
			isa = PBXProject;
			attributes = {
				LastUpgradeCheck = 0930;
				ORGANIZATIONNAME = user138066;
				TargetAttributes = {
					AA5C8342208A45A0000AFF69 = {
						CreatedOnToolsVersion = 9.3;
					};
					AA5C835A208A45A3000AFF69 = {
						CreatedOnToolsVersion = 9.3;
						TestTargetID = AA5C8342208A45A0000AFF69;
					};
					AA5C8365208A45A3000AFF69 = {
						CreatedOnToolsVersion = 9.3;
						TestTargetID = AA5C8342208A45A0000AFF69;
					};
				};
			};
			buildConfigurationList = AA5C833E208A459F000AFF69 /* Build configuration list for PBXProject "SQliteOS" */;
			compatibilityVersion = "Xcode 9.3";
			developmentRegion = en;
			hasScannedForEncodings = 0;
			knownRegions = (
				en,
				Base,
			);
			mainGroup = AA5C833A208A459F000AFF69;
			productRefGroup = AA5C8344208A45A0000AFF69 /* Products */;
			projectDirPath = "";
			projectRoot = "";
			targets = (
				AA5C8342208A45A0000AFF69 /* SQliteOS */,
				AA5C835A208A45A3000AFF69 /* SQliteOSTests */,
				AA5C8365208A45A3000AFF69 /* SQliteOSUITests */,
			);
		};
/* End PBXProject section */

/* Begin PBXResourcesBuildPhase section */
		AA5C8341208A45A0000AFF69 /* Resources */ = {
			isa = PBXResourcesBuildPhase;
			buildActionMask = 2147483647;
			files = (
				AA5C8353208A45A3000AFF69 /* LaunchScreen.storyboard in Resources */,
				AA5C8350208A45A3000AFF69 /* Assets.xcassets in Resources */,
				AA5C834E208A45A0000AFF69 /* Main.storyboard in Resources */,
			);
			runOnlyForDeploymentPostprocessing = 0;
		};
		AA5C8359208A45A3000AFF69 /* Resources */ = {
			isa = PBXResourcesBuildPhase;
			buildActionMask = 2147483647;
			files = (
			);
			runOnlyForDeploymentPostprocessing = 0;
		};
		AA5C8364208A45A3000AFF69 /* Resources */ = {
			isa = PBXResourcesBuildPhase;
			buildActionMask = 2147483647;
			files = (
			);
			runOnlyForDeploymentPostprocessing = 0;
		};
/* End PBXResourcesBuildPhase section */

/* Begin PBXSourcesBuildPhase section */
		AA5C833F208A45A0000AFF69 /* Sources */ = {
			isa = PBXSourcesBuildPhase;
			buildActionMask = 2147483647;
			files = (
				AA5C834B208A45A0000AFF69 /* ViewController.m in Sources */,
				AA5C837D208A4EE7000AFF69 /* SqliteLoad.m in Sources */,
				AA5C8356208A45A3000AFF69 /* main.m in Sources */,
				AA5C8348208A45A0000AFF69 /* AppDelegate.m in Sources */,
			);
			runOnlyForDeploymentPostprocessing = 0;
		};
		AA5C8357208A45A3000AFF69 /* Sources */ = {
			isa = PBXSourcesBuildPhase;
			buildActionMask = 2147483647;
			files = (
				AA5C8360208A45A3000AFF69 /* SQliteOSTests.m in Sources */,
			);
			runOnlyForDeploymentPostprocessing = 0;
		};
		AA5C8362208A45A3000AFF69 /* Sources */ = {
			isa = PBXSourcesBuildPhase;
			buildActionMask = 2147483647;
			files = (
				AA5C836B208A45A3000AFF69 /* SQliteOSUITests.m in Sources */,
			);
			runOnlyForDeploymentPostprocessing = 0;
		};
/* End PBXSourcesBuildPhase section */

/* Begin PBXTargetDependency section */
		AA5C835D208A45A3000AFF69 /* PBXTargetDependency */ = {
			isa = PBXTargetDependency;
			target = AA5C8342208A45A0000AFF69 /* SQliteOS */;
			targetProxy = AA5C835C208A45A3000AFF69 /* PBXContainerItemProxy */;
		};
		AA5C8368208A45A3000AFF69 /* PBXTargetDependency */ = {
			isa = PBXTargetDependency;
			target = AA5C8342208A45A0000AFF69 /* SQliteOS */;
			targetProxy = AA5C8367208A45A3000AFF69 /* PBXContainerItemProxy */;
		};
/* End PBXTargetDependency section */

/* Begin PBXVariantGroup section */
		AA5C834C208A45A0000AFF69 /* Main.storyboard */ = {
			isa = PBXVariantGroup;
			children = (
				AA5C834D208A45A0000AFF69 /* Base */,
			);
			name = Main.storyboard;
			sourceTree = "<group>";
		};
		AA5C8351208A45A3000AFF69 /* LaunchScreen.storyboard */ = {
			isa = PBXVariantGroup;
			children = (
				AA5C8352208A45A3000AFF69 /* Base */,
			);
			name = LaunchScreen.storyboard;
			sourceTree = "<group>";
		};
/* End PBXVariantGroup section */

/* Begin XCBuildConfiguration section */
		AA5C836D208A45A3000AFF69 /* Debug */ = {
			isa = XCBuildConfiguration;
			buildSettings = {
				ALWAYS_SEARCH_USER_PATHS = NO;
				CLANG_ANALYZER_NONNULL = YES;
				CLANG_ANALYZER_NUMBER_OBJECT_CONVERSION = YES_AGGRESSIVE;
				CLANG_CXX_LANGUAGE_STANDARD = "gnu++14";
				CLANG_CXX_LIBRARY = "libc++";
				CLANG_ENABLE_MODULES = YES;
				CLANG_ENABLE_OBJC_ARC = YES;
				CLANG_ENABLE_OBJC_WEAK = YES;
				CLANG_WARN_BLOCK_CAPTURE_AUTORELEASING = YES;
				CLANG_WARN_BOOL_CONVERSION = YES;
				CLANG_WARN_COMMA = YES;
				CLANG_WARN_CONSTANT_CONVERSION = YES;
				CLANG_WARN_DEPRECATED_OBJC_IMPLEMENTATIONS = YES;
				CLANG_WARN_DIRECT_OBJC_ISA_USAGE = YES_ERROR;
				CLANG_WARN_DOCUMENTATION_COMMENTS = YES;
				CLANG_WARN_EMPTY_BODY = YES;
				CLANG_WARN_ENUM_CONVERSION = YES;
				CLANG_WARN_INFINITE_RECURSION = YES;
				CLANG_WARN_INT_CONVERSION = YES;
				CLANG_WARN_NON_LITERAL_NULL_CONVERSION = YES;
				CLANG_WARN_OBJC_IMPLICIT_RETAIN_SELF = YES;
				CLANG_WARN_OBJC_LITERAL_CONVERSION = YES;
				CLANG_WARN_OBJC_ROOT_CLASS = YES_ERROR;
				CLANG_WARN_RANGE_LOOP_ANALYSIS = YES;
				CLANG_WARN_STRICT_PROTOTYPES = YES;
				CLANG_WARN_SUSPICIOUS_MOVE = YES;
				CLANG_WARN_UNGUARDED_AVAILABILITY = YES_AGGRESSIVE;
				CLANG_WARN_UNREACHABLE_CODE = YES;
				CLANG_WARN__DUPLICATE_METHOD_MATCH = YES;
				CODE_SIGN_IDENTITY = "iPhone Developer";
				COPY_PHASE_STRIP = NO;
				DEBUG_INFORMATION_FORMAT = dwarf;
				ENABLE_STRICT_OBJC_MSGSEND = YES;
				ENABLE_TESTABILITY = YES;
				GCC_C_LANGUAGE_STANDARD = gnu11;
				GCC_DYNAMIC_NO_PIC = NO;
				GCC_NO_COMMON_BLOCKS = YES;
				GCC_OPTIMIZATION_LEVEL = 0;
				GCC_PREPROCESSOR_DEFINITIONS = (
					"DEBUG=1",
					"$(inherited)",
				);
				GCC_WARN_64_TO_32_BIT_CONVERSION = YES;
				GCC_WARN_ABOUT_RETURN_TYPE = YES_ERROR;
				GCC_WARN_UNDECLARED_SELECTOR = YES;
				GCC_WARN_UNINITIALIZED_AUTOS = YES_AGGRESSIVE;
				GCC_WARN_UNUSED_FUNCTION = YES;
				GCC_WARN_UNUSED_VARIABLE = YES;
				IPHONEOS_DEPLOYMENT_TARGET = 11.3;
				MTL_ENABLE_DEBUG_INFO = YES;
				ONLY_ACTIVE_ARCH = YES;
				SDKROOT = iphoneos;
			};
			name = Debug;
		};
		AA5C836E208A45A3000AFF69 /* Release */ = {
			isa = XCBuildConfiguration;
			buildSettings = {
				ALWAYS_SEARCH_USER_PATHS = NO;
				CLANG_ANALYZER_NONNULL = YES;
				CLANG_ANALYZER_NUMBER_OBJECT_CONVERSION = YES_AGGRESSIVE;
				CLANG_CXX_LANGUAGE_STANDARD = "gnu++14";
				CLANG_CXX_LIBRARY = "libc++";
				CLANG_ENABLE_MODULES = YES;
				CLANG_ENABLE_OBJC_ARC = YES;
				CLANG_ENABLE_OBJC_WEAK = YES;
				CLANG_WARN_BLOCK_CAPTURE_AUTORELEASING = YES;
				CLANG_WARN_BOOL_CONVERSION = YES;
				CLANG_WARN_COMMA = YES;
				CLANG_WARN_CONSTANT_CONVERSION = YES;
				CLANG_WARN_DEPRECATED_OBJC_IMPLEMENTATIONS = YES;
				CLANG_WARN_DIRECT_OBJC_ISA_USAGE = YES_ERROR;
				CLANG_WARN_DOCUMENTATION_COMMENTS = YES;
				CLANG_WARN_EMPTY_BODY = YES;
				CLANG_WARN_ENUM_CONVERSION = YES;
				CLANG_WARN_INFINITE_RECURSION = YES;
				CLANG_WARN_INT_CONVERSION = YES;
				CLANG_WARN_NON_LITERAL_NULL_CONVERSION = YES;
				CLANG_WARN_OBJC_IMPLICIT_RETAIN_SELF = YES;
				CLANG_WARN_OBJC_LITERAL_CONVERSION = YES;
				CLANG_WARN_OBJC_ROOT_CLASS = YES_ERROR;
				CLANG_WARN_RANGE_LOOP_ANALYSIS = YES;
				CLANG_WARN_STRICT_PROTOTYPES = YES;
				CLANG_WARN_SUSPICIOUS_MOVE = YES;
				CLANG_WARN_UNGUARDED_AVAILABILITY = YES_AGGRESSIVE;
				CLANG_WARN_UNREACHABLE_CODE = YES;
				CLANG_WARN__DUPLICATE_METHOD_MATCH = YES;
				CODE_SIGN_IDENTITY = "iPhone Developer";
				COPY_PHASE_STRIP = NO;
				DEBUG_INFORMATION_FORMAT = "dwarf-with-dsym";
				ENABLE_NS_ASSERTIONS = NO;
				ENABLE_STRICT_OBJC_MSGSEND = YES;
				GCC_C_LANGUAGE_STANDARD = gnu11;
				GCC_NO_COMMON_BLOCKS = YES;
				GCC_WARN_64_TO_32_BIT_CONVERSION = YES;
				GCC_WARN_ABOUT_RETURN_TYPE = YES_ERROR;
				GCC_WARN_UNDECLARED_SELECTOR = YES;
				GCC_WARN_UNINITIALIZED_AUTOS = YES_AGGRESSIVE;
				GCC_WARN_UNUSED_FUNCTION = YES;
				GCC_WARN_UNUSED_VARIABLE = YES;
				IPHONEOS_DEPLOYMENT_TARGET = 11.3;
				MTL_ENABLE_DEBUG_INFO = NO;
				SDKROOT = iphoneos;
				VALIDATE_PRODUCT = YES;
			};
			name = Release;
		};
		AA5C8370208A45A3000AFF69 /* Debug */ = {
			isa = XCBuildConfiguration;
			buildSettings = {
				ASSETCATALOG_COMPILER_APPICON_NAME = AppIcon;
				CODE_SIGN_STYLE = Automatic;
				INFOPLIST_FILE = SQliteOS/Info.plist;
				LD_RUNPATH_SEARCH_PATHS = (
					"$(inherited)",
					"@executable_path/Frameworks",
				);
				PRODUCT_BUNDLE_IDENTIFIER = telefonica.SQliteOS;
				PRODUCT_NAME = "$(TARGET_NAME)";
				TARGETED_DEVICE_FAMILY = "1,2";
			};
			name = Debug;
		};
		AA5C8371208A45A3000AFF69 /* Release */ = {
			isa = XCBuildConfiguration;
			buildSettings = {
				ASSETCATALOG_COMPILER_APPICON_NAME = AppIcon;
				CODE_SIGN_STYLE = Automatic;
				INFOPLIST_FILE = SQliteOS/Info.plist;
				LD_RUNPATH_SEARCH_PATHS = (
					"$(inherited)",
					"@executable_path/Frameworks",
				);
				PRODUCT_BUNDLE_IDENTIFIER = telefonica.SQliteOS;
				PRODUCT_NAME = "$(TARGET_NAME)";
				TARGETED_DEVICE_FAMILY = "1,2";
			};
			name = Release;
		};
		AA5C8373208A45A3000AFF69 /* Debug */ = {
			isa = XCBuildConfiguration;
			buildSettings = {
				BUNDLE_LOADER = "$(TEST_HOST)";
				CODE_SIGN_STYLE = Automatic;
				INFOPLIST_FILE = SQliteOSTests/Info.plist;
				LD_RUNPATH_SEARCH_PATHS = (
					"$(inherited)",
					"@executable_path/Frameworks",
					"@loader_path/Frameworks",
				);
				PRODUCT_BUNDLE_IDENTIFIER = telefonica.SQliteOSTests;
				PRODUCT_NAME = "$(TARGET_NAME)";
				TARGETED_DEVICE_FAMILY = "1,2";
				TEST_HOST = "$(BUILT_PRODUCTS_DIR)/SQliteOS.app/SQliteOS";
			};
			name = Debug;
		};
		AA5C8374208A45A3000AFF69 /* Release */ = {
			isa = XCBuildConfiguration;
			buildSettings = {
				BUNDLE_LOADER = "$(TEST_HOST)";
				CODE_SIGN_STYLE = Automatic;
				INFOPLIST_FILE = SQliteOSTests/Info.plist;
				LD_RUNPATH_SEARCH_PATHS = (
					"$(inherited)",
					"@executable_path/Frameworks",
					"@loader_path/Frameworks",
				);
				PRODUCT_BUNDLE_IDENTIFIER = telefonica.SQliteOSTests;
				PRODUCT_NAME = "$(TARGET_NAME)";
				TARGETED_DEVICE_FAMILY = "1,2";
				TEST_HOST = "$(BUILT_PRODUCTS_DIR)/SQliteOS.app/SQliteOS";
			};
			name = Release;
		};
		AA5C8376208A45A3000AFF69 /* Debug */ = {
			isa = XCBuildConfiguration;
			buildSettings = {
				CODE_SIGN_STYLE = Automatic;
				INFOPLIST_FILE = SQliteOSUITests/Info.plist;
				LD_RUNPATH_SEARCH_PATHS = (
					"$(inherited)",
					"@executable_path/Frameworks",
					"@loader_path/Frameworks",
				);
				PRODUCT_BUNDLE_IDENTIFIER = telefonica.SQliteOSUITests;
				PRODUCT_NAME = "$(TARGET_NAME)";
				TARGETED_DEVICE_FAMILY = "1,2";
				TEST_TARGET_NAME = SQliteOS;
			};
			name = Debug;
		};
		AA5C8377208A45A3000AFF69 /* Release */ = {
			isa = XCBuildConfiguration;
			buildSettings = {
				CODE_SIGN_STYLE = Automatic;
				INFOPLIST_FILE = SQliteOSUITests/Info.plist;
				LD_RUNPATH_SEARCH_PATHS = (
					"$(inherited)",
					"@executable_path/Frameworks",
					"@loader_path/Frameworks",
				);
				PRODUCT_BUNDLE_IDENTIFIER = telefonica.SQliteOSUITests;
				PRODUCT_NAME = "$(TARGET_NAME)";
				TARGETED_DEVICE_FAMILY = "1,2";
				TEST_TARGET_NAME = SQliteOS;
			};
			name = Release;
		};
/* End XCBuildConfiguration section */

/* Begin XCConfigurationList section */
		AA5C833E208A459F000AFF69 /* Build configuration list for PBXProject "SQliteOS" */ = {
			isa = XCConfigurationList;
			buildConfigurations = (
				AA5C836D208A45A3000AFF69 /* Debug */,
				AA5C836E208A45A3000AFF69 /* Release */,
			);
			defaultConfigurationIsVisible = 0;
			defaultConfigurationName = Release;
		};
		AA5C836F208A45A3000AFF69 /* Build configuration list for PBXNativeTarget "SQliteOS" */ = {
			isa = XCConfigurationList;
			buildConfigurations = (
				AA5C8370208A45A3000AFF69 /* Debug */,
				AA5C8371208A45A3000AFF69 /* Release */,
			);
			defaultConfigurationIsVisible = 0;
			defaultConfigurationName = Release;
		};
		AA5C8372208A45A3000AFF69 /* Build configuration list for PBXNativeTarget "SQliteOSTests" */ = {
			isa = XCConfigurationList;
			buildConfigurations = (
				AA5C8373208A45A3000AFF69 /* Debug */,
				AA5C8374208A45A3000AFF69 /* Release */,
			);
			defaultConfigurationIsVisible = 0;
			defaultConfigurationName = Release;
		};
		AA5C8375208A45A3000AFF69 /* Build configuration list for PBXNativeTarget "SQliteOSUITests" */ = {
			isa = XCConfigurationList;
			buildConfigurations = (
				AA5C8376208A45A3000AFF69 /* Debug */,
				AA5C8377208A45A3000AFF69 /* Release */,
			);
			defaultConfigurationIsVisible = 0;
			defaultConfigurationName = Release;
		};
/* End XCConfigurationList section */
	};
	rootObject = AA5C833B208A459F000AFF69 /* Project object */;
}
